// !$*UTF8*$!
{
	archiveVersion = 1;
	classes = {
	};
	objectVersion = 55;
	objects = {

/* Begin PBXBuildFile section */
		6B3CA7F6273AD51400D60BFE /* AppDelegate.swift in Sources */ = {isa = PBXBuildFile; fileRef = 6B3CA7F5273AD51400D60BFE /* AppDelegate.swift */; };
		6B3CA7F8273AD51400D60BFE /* SceneDelegate.swift in Sources */ = {isa = PBXBuildFile; fileRef = 6B3CA7F7273AD51400D60BFE /* SceneDelegate.swift */; };
		6B3CA7FD273AD51400D60BFE /* Main.storyboard in Resources */ = {isa = PBXBuildFile; fileRef = 6B3CA7FB273AD51400D60BFE /* Main.storyboard */; };
		6B3CA7FF273AD51500D60BFE /* Assets.xcassets in Resources */ = {isa = PBXBuildFile; fileRef = 6B3CA7FE273AD51500D60BFE /* Assets.xcassets */; };
		6B3CA802273AD51500D60BFE /* LaunchScreen.storyboard in Resources */ = {isa = PBXBuildFile; fileRef = 6B3CA800273AD51500D60BFE /* LaunchScreen.storyboard */; };
		6B3CA80A273AE74400D60BFE /* PersonsListViewController.swift in Sources */ = {isa = PBXBuildFile; fileRef = 6B3CA809273AE74400D60BFE /* PersonsListViewController.swift */; };
		6B3CA80C273AED6C00D60BFE /* Person.swift in Sources */ = {isa = PBXBuildFile; fileRef = 6B3CA80B273AED6C00D60BFE /* Person.swift */; };
		6B3CA80E273AF2DF00D60BFE /* DataManager.swift in Sources */ = {isa = PBXBuildFile; fileRef = 6B3CA80D273AF2DF00D60BFE /* DataManager.swift */; };
		6B3CA810273B048A00D60BFE /* PersonDetailsViewController.swift in Sources */ = {isa = PBXBuildFile; fileRef = 6B3CA80F273B048A00D60BFE /* PersonDetailsViewController.swift */; };
		6B684969273B0E5C0013E98D /* InfoPersonsListViewController.swift in Sources */ = {isa = PBXBuildFile; fileRef = 6B684968273B0E5C0013E98D /* InfoPersonsListViewController.swift */; };
/* End PBXBuildFile section */

/* Begin PBXFileReference section */
		6B3CA7F2273AD51400D60BFE /* Phonebook.app */ = {isa = PBXFileReference; explicitFileType = wrapper.application; includeInIndex = 0; path = Phonebook.app; sourceTree = BUILT_PRODUCTS_DIR; };
		6B3CA7F5273AD51400D60BFE /* AppDelegate.swift */ = {isa = PBXFileReference; lastKnownFileType = sourcecode.swift; path = AppDelegate.swift; sourceTree = "<group>"; };
		6B3CA7F7273AD51400D60BFE /* SceneDelegate.swift */ = {isa = PBXFileReference; lastKnownFileType = sourcecode.swift; path = SceneDelegate.swift; sourceTree = "<group>"; };
		6B3CA7FC273AD51400D60BFE /* Base */ = {isa = PBXFileReference; lastKnownFileType = file.storyboard; name = Base; path = Base.lproj/Main.storyboard; sourceTree = "<group>"; };
		6B3CA7FE273AD51500D60BFE /* Assets.xcassets */ = {isa = PBXFileReference; lastKnownFileType = folder.assetcatalog; path = Assets.xcassets; sourceTree = "<group>"; };
		6B3CA801273AD51500D60BFE /* Base */ = {isa = PBXFileReference; lastKnownFileType = file.storyboard; name = Base; path = Base.lproj/LaunchScreen.storyboard; sourceTree = "<group>"; };
		6B3CA803273AD51500D60BFE /* Info.plist */ = {isa = PBXFileReference; lastKnownFileType = text.plist.xml; path = Info.plist; sourceTree = "<group>"; };
		6B3CA809273AE74400D60BFE /* PersonsListViewController.swift */ = {isa = PBXFileReference; lastKnownFileType = sourcecode.swift; path = PersonsListViewController.swift; sourceTree = "<group>"; };
		6B3CA80B273AED6C00D60BFE /* Person.swift */ = {isa = PBXFileReference; lastKnownFileType = sourcecode.swift; path = Person.swift; sourceTree = "<group>"; };
		6B3CA80D273AF2DF00D60BFE /* DataManager.swift */ = {isa = PBXFileReference; lastKnownFileType = sourcecode.swift; path = DataManager.swift; sourceTree = "<group>"; };
		6B3CA80F273B048A00D60BFE /* PersonDetailsViewController.swift */ = {isa = PBXFileReference; lastKnownFileType = sourcecode.swift; path = PersonDetailsViewController.swift; sourceTree = "<group>"; };
		6B684968273B0E5C0013E98D /* InfoPersonsListViewController.swift */ = {isa = PBXFileReference; lastKnownFileType = sourcecode.swift; path = InfoPersonsListViewController.swift; sourceTree = "<group>"; };
/* End PBXFileReference section */

/* Begin PBXFrameworksBuildPhase section */
		6B3CA7EF273AD51400D60BFE /* Frameworks */ = {
			isa = PBXFrameworksBuildPhase;
			buildActionMask = 2147483647;
			files = (
			);
			runOnlyForDeploymentPostprocessing = 0;
		};
/* End PBXFrameworksBuildPhase section */

/* Begin PBXGroup section */
		6B3CA7E9273AD51400D60BFE = {
			isa = PBXGroup;
			children = (
				6B3CA7F4273AD51400D60BFE /* Phonebook */,
				6B3CA7F3273AD51400D60BFE /* Products */,
			);
			sourceTree = "<group>";
		};
		6B3CA7F3273AD51400D60BFE /* Products */ = {
			isa = PBXGroup;
			children = (
				6B3CA7F2273AD51400D60BFE /* Phonebook.app */,
			);
			name = Products;
			sourceTree = "<group>";
		};
		6B3CA7F4273AD51400D60BFE /* Phonebook */ = {
			isa = PBXGroup;
			children = (
				6B3CA7F5273AD51400D60BFE /* AppDelegate.swift */,
				6B3CA7F7273AD51400D60BFE /* SceneDelegate.swift */,
				6B68496D273B1BE60013E98D /* Storyboards */,
				6B68496A273B1B880013E98D /* ViewControllers */,
				6B68496B273B1BAC0013E98D /* Models */,
				6B68496C273B1BBE0013E98D /* Sourses */,
				6B3CA803273AD51500D60BFE /* Info.plist */,
			);
			path = Phonebook;
			sourceTree = "<group>";
		};
		6B68496A273B1B880013E98D /* ViewControllers */ = {
			isa = PBXGroup;
			children = (
				6B684968273B0E5C0013E98D /* InfoPersonsListViewController.swift */,
				6B3CA809273AE74400D60BFE /* PersonsListViewController.swift */,
				6B3CA80F273B048A00D60BFE /* PersonDetailsViewController.swift */,
			);
			path = ViewControllers;
			sourceTree = "<group>";
		};
		6B68496B273B1BAC0013E98D /* Models */ = {
			isa = PBXGroup;
			children = (
				6B3CA80B273AED6C00D60BFE /* Person.swift */,
			);
			path = Models;
			sourceTree = "<group>";
		};
		6B68496C273B1BBE0013E98D /* Sourses */ = {
			isa = PBXGroup;
			children = (
				6B3CA7FE273AD51500D60BFE /* Assets.xcassets */,
				6B3CA80D273AF2DF00D60BFE /* DataManager.swift */,
			);
			path = Sourses;
			sourceTree = "<group>";
		};
		6B68496D273B1BE60013E98D /* Storyboards */ = {
			isa = PBXGroup;
			children = (
				6B3CA7FB273AD51400D60BFE /* Main.storyboard */,
				6B3CA800273AD51500D60BFE /* LaunchScreen.storyboard */,
			);
			path = Storyboards;
			sourceTree = "<group>";
		};
/* End PBXGroup section */

/* Begin PBXNativeTarget section */
		6B3CA7F1273AD51400D60BFE /* Phonebook */ = {
			isa = PBXNativeTarget;
			buildConfigurationList = 6B3CA806273AD51500D60BFE /* Build configuration list for PBXNativeTarget "Phonebook" */;
			buildPhases = (
				6B3CA7EE273AD51400D60BFE /* Sources */,
				6B3CA7EF273AD51400D60BFE /* Frameworks */,
				6B3CA7F0273AD51400D60BFE /* Resources */,
			);
			buildRules = (
			);
			dependencies = (
			);
			name = Phonebook;
			productName = Phonebook;
			productReference = 6B3CA7F2273AD51400D60BFE /* Phonebook.app */;
			productType = "com.apple.product-type.application";
		};
/* End PBXNativeTarget section */

/* Begin PBXProject section */
		6B3CA7EA273AD51400D60BFE /* Project object */ = {
			isa = PBXProject;
			attributes = {
				BuildIndependentTargetsInParallel = 1;
				LastSwiftUpdateCheck = 1310;
				LastUpgradeCheck = 1310;
				TargetAttributes = {
					6B3CA7F1273AD51400D60BFE = {
						CreatedOnToolsVersion = 13.1;
					};
				};
			};
			buildConfigurationList = 6B3CA7ED273AD51400D60BFE /* Build configuration list for PBXProject "Phonebook" */;
			compatibilityVersion = "Xcode 13.0";
			developmentRegion = en;
			hasScannedForEncodings = 0;
			knownRegions = (
				en,
				Base,
			);
			mainGroup = 6B3CA7E9273AD51400D60BFE;
			productRefGroup = 6B3CA7F3273AD51400D60BFE /* Products */;
			projectDirPath = "";
			projectRoot = "";
			targets = (
				6B3CA7F1273AD51400D60BFE /* Phonebook */,
			);
		};
/* End PBXProject section */

/* Begin PBXResourcesBuildPhase section */
		6B3CA7F0273AD51400D60BFE /* Resources */ = {
			isa = PBXResourcesBuildPhase;
			buildActionMask = 2147483647;
			files = (
				6B3CA802273AD51500D60BFE /* LaunchScreen.storyboard in Resources */,
				6B3CA7FF273AD51500D60BFE /* Assets.xcassets in Resources */,
				6B3CA7FD273AD51400D60BFE /* Main.storyboard in Resources */,
			);
			runOnlyForDeploymentPostprocessing = 0;
		};
/* End PBXResourcesBuildPhase section */

/* Begin PBXSourcesBuildPhase section */
		6B3CA7EE273AD51400D60BFE /* Sources */ = {
			isa = PBXSourcesBuildPhase;
			buildActionMask = 2147483647;
			files = (
				6B3CA7F6273AD51400D60BFE /* AppDelegate.swift in Sources */,
				6B3CA80E273AF2DF00D60BFE /* DataManager.swift in Sources */,
				6B684969273B0E5C0013E98D /* InfoPersonsListViewController.swift in Sources */,
				6B3CA810273B048A00D60BFE /* PersonDetailsViewController.swift in Sources */,
				6B3CA80A273AE74400D60BFE /* PersonsListViewController.swift in Sources */,
				6B3CA80C273AED6C00D60BFE /* Person.swift in Sources */,
				6B3CA7F8273AD51400D60BFE /* SceneDelegate.swift in Sources */,
			);
			runOnlyForDeploymentPostprocessing = 0;
		};
/* End PBXSourcesBuildPhase section */

/* Begin PBXVariantGroup section */
		6B3CA7FB273AD51400D60BFE /* Main.storyboard */ = {
			isa = PBXVariantGroup;
			children = (
				6B3CA7FC273AD51400D60BFE /* Base */,
			);
			name = Main.storyboard;
			sourceTree = "<group>";
		};
		6B3CA800273AD51500D60BFE /* LaunchScreen.storyboard */ = {
			isa = PBXVariantGroup;
			children = (
				6B3CA801273AD51500D60BFE /* Base */,
			);
			name = LaunchScreen.storyboard;
			sourceTree = "<group>";
		};
/* End PBXVariantGroup section */

/* Begin XCBuildConfiguration section */
		6B3CA804273AD51500D60BFE /* Debug */ = {
			isa = XCBuildConfiguration;
			buildSettings = {
				ALWAYS_SEARCH_USER_PATHS = NO;
				CLANG_ANALYZER_NONNULL = YES;
				CLANG_ANALYZER_NUMBER_OBJECT_CONVERSION = YES_AGGRESSIVE;
				CLANG_CXX_LANGUAGE_STANDARD = "gnu++17";
				CLANG_CXX_LIBRARY = "libc++";
				CLANG_ENABLE_MODULES = YES;
				CLANG_ENABLE_OBJC_ARC = YES;
				CLANG_ENABLE_OBJC_WEAK = YES;
				CLANG_WARN_BLOCK_CAPTURE_AUTORELEASING = YES;
				CLANG_WARN_BOOL_CONVERSION = YES;
				CLANG_WARN_COMMA = YES;
				CLANG_WARN_CONSTANT_CONVERSION = YES;
				CLANG_WARN_DEPRECATED_OBJC_IMPLEMENTATIONS = YES;
				CLANG_WARN_DIRECT_OBJC_ISA_USAGE = YES_ERROR;
				CLANG_WARN_DOCUMENTATION_COMMENTS = YES;
				CLANG_WARN_EMPTY_BODY = YES;
				CLANG_WARN_ENUM_CONVERSION = YES;
				CLANG_WARN_INFINITE_RECURSION = YES;
				CLANG_WARN_INT_CONVERSION = YES;
				CLANG_WARN_NON_LITERAL_NULL_CONVERSION = YES;
				CLANG_WARN_OBJC_IMPLICIT_RETAIN_SELF = YES;
				CLANG_WARN_OBJC_LITERAL_CONVERSION = YES;
				CLANG_WARN_OBJC_ROOT_CLASS = YES_ERROR;
				CLANG_WARN_QUOTED_INCLUDE_IN_FRAMEWORK_HEADER = YES;
				CLANG_WARN_RANGE_LOOP_ANALYSIS = YES;
				CLANG_WARN_STRICT_PROTOTYPES = YES;
				CLANG_WARN_SUSPICIOUS_MOVE = YES;
				CLANG_WARN_UNGUARDED_AVAILABILITY = YES_AGGRESSIVE;
				CLANG_WARN_UNREACHABLE_CODE = YES;
				CLANG_WARN__DUPLICATE_METHOD_MATCH = YES;
				COPY_PHASE_STRIP = NO;
				DEBUG_INFORMATION_FORMAT = dwarf;
				ENABLE_STRICT_OBJC_MSGSEND = YES;
				ENABLE_TESTABILITY = YES;
				GCC_C_LANGUAGE_STANDARD = gnu11;
				GCC_DYNAMIC_NO_PIC = NO;
				GCC_NO_COMMON_BLOCKS = YES;
				GCC_OPTIMIZATION_LEVEL = 0;
				GCC_PREPROCESSOR_DEFINITIONS = (
					"DEBUG=1",
					"$(inherited)",
				);
				GCC_WARN_64_TO_32_BIT_CONVERSION = YES;
				GCC_WARN_ABOUT_RETURN_TYPE = YES_ERROR;
				GCC_WARN_UNDECLARED_SELECTOR = YES;
				GCC_WARN_UNINITIALIZED_AUTOS = YES_AGGRESSIVE;
				GCC_WARN_UNUSED_FUNCTION = YES;
				GCC_WARN_UNUSED_VARIABLE = YES;
				IPHONEOS_DEPLOYMENT_TARGET = 15.0;
				MTL_ENABLE_DEBUG_INFO = INCLUDE_SOURCE;
				MTL_FAST_MATH = YES;
				ONLY_ACTIVE_ARCH = YES;
				SDKROOT = iphoneos;
				SWIFT_ACTIVE_COMPILATION_CONDITIONS = DEBUG;
				SWIFT_OPTIMIZATION_LEVEL = "-Onone";
			};
			name = Debug;
		};
		6B3CA805273AD51500D60BFE /* Release */ = {
			isa = XCBuildConfiguration;
			buildSettings = {
				ALWAYS_SEARCH_USER_PATHS = NO;
				CLANG_ANALYZER_NONNULL = YES;
				CLANG_ANALYZER_NUMBER_OBJECT_CONVERSION = YES_AGGRESSIVE;
				CLANG_CXX_LANGUAGE_STANDARD = "gnu++17";
				CLANG_CXX_LIBRARY = "libc++";
				CLANG_ENABLE_MODULES = YES;
				CLANG_ENABLE_OBJC_ARC = YES;
				CLANG_ENABLE_OBJC_WEAK = YES;
				CLANG_WARN_BLOCK_CAPTURE_AUTORELEASING = YES;
				CLANG_WARN_BOOL_CONVERSION = YES;
				CLANG_WARN_COMMA = YES;
				CLANG_WARN_CONSTANT_CONVERSION = YES;
				CLANG_WARN_DEPRECATED_OBJC_IMPLEMENTATIONS = YES;
				CLANG_WARN_DIRECT_OBJC_ISA_USAGE = YES_ERROR;
				CLANG_WARN_DOCUMENTATION_COMMENTS = YES;
				CLANG_WARN_EMPTY_BODY = YES;
				CLANG_WARN_ENUM_CONVERSION = YES;
				CLANG_WARN_INFINITE_RECURSION = YES;
				CLANG_WARN_INT_CONVERSION = YES;
				CLANG_WARN_NON_LITERAL_NULL_CONVERSION = YES;
				CLANG_WARN_OBJC_IMPLICIT_RETAIN_SELF = YES;
				CLANG_WARN_OBJC_LITERAL_CONVERSION = YES;
				CLANG_WARN_OBJC_ROOT_CLASS = YES_ERROR;
				CLANG_WARN_QUOTED_INCLUDE_IN_FRAMEWORK_HEADER = YES;
				CLANG_WARN_RANGE_LOOP_ANALYSIS = YES;
				CLANG_WARN_STRICT_PROTOTYPES = YES;
				CLANG_WARN_SUSPICIOUS_MOVE = YES;
				CLANG_WARN_UNGUARDED_AVAILABILITY = YES_AGGRESSIVE;
				CLANG_WARN_UNREACHABLE_CODE = YES;
				CLANG_WARN__DUPLICATE_METHOD_MATCH = YES;
				COPY_PHASE_STRIP = NO;
				DEBUG_INFORMATION_FORMAT = "dwarf-with-dsym";
				ENABLE_NS_ASSERTIONS = NO;
				ENABLE_STRICT_OBJC_MSGSEND = YES;
				GCC_C_LANGUAGE_STANDARD = gnu11;
				GCC_NO_COMMON_BLOCKS = YES;
				GCC_WARN_64_TO_32_BIT_CONVERSION = YES;
				GCC_WARN_ABOUT_RETURN_TYPE = YES_ERROR;
				GCC_WARN_UNDECLARED_SELECTOR = YES;
				GCC_WARN_UNINITIALIZED_AUTOS = YES_AGGRESSIVE;
				GCC_WARN_UNUSED_FUNCTION = YES;
				GCC_WARN_UNUSED_VARIABLE = YES;
				IPHONEOS_DEPLOYMENT_TARGET = 15.0;
				MTL_ENABLE_DEBUG_INFO = NO;
				MTL_FAST_MATH = YES;
				SDKROOT = iphoneos;
				SWIFT_COMPILATION_MODE = wholemodule;
				SWIFT_OPTIMIZATION_LEVEL = "-O";
				VALIDATE_PRODUCT = YES;
			};
			name = Release;
		};
		6B3CA807273AD51500D60BFE /* Debug */ = {
			isa = XCBuildConfiguration;
			buildSettings = {
				ASSETCATALOG_COMPILER_APPICON_NAME = AppIcon;
				ASSETCATALOG_COMPILER_GLOBAL_ACCENT_COLOR_NAME = AccentColor;
				CODE_SIGN_STYLE = Automatic;
				CURRENT_PROJECT_VERSION = 1;
				GENERATE_INFOPLIST_FILE = YES;
				INFOPLIST_FILE = Phonebook/Info.plist;
				INFOPLIST_KEY_UIApplicationSupportsIndirectInputEvents = YES;
				INFOPLIST_KEY_UILaunchStoryboardName = LaunchScreen;
				INFOPLIST_KEY_UIMainStoryboardFile = Main;
				INFOPLIST_KEY_UISupportedInterfaceOrientations = UIInterfaceOrientationPortrait;
				INFOPLIST_KEY_UISupportedInterfaceOrientations_iPad = "UIInterfaceOrientationPortrait UIInterfaceOrientationPortraitUpsideDown UIInterfaceOrientationLandscapeLeft UIInterfaceOrientationLandscapeRight";
				INFOPLIST_KEY_UISupportedInterfaceOrientations_iPhone = "UIInterfaceOrientationPortrait UIInterfaceOrientationLandscapeLeft UIInterfaceOrientationLandscapeRight";
				LD_RUNPATH_SEARCH_PATHS = (
					"$(inherited)",
					"@executable_path/Frameworks",
				);
				MARKETING_VERSION = 1.0;
				PRODUCT_BUNDLE_IDENTIFIER = RyzhkinNE.Phonebook;
				PRODUCT_NAME = "$(TARGET_NAME)";
				SWIFT_EMIT_LOC_STRINGS = YES;
				SWIFT_VERSION = 5.0;
				TARGETED_DEVICE_FAMILY = 1;
			};
			name = Debug;
		};
		6B3CA808273AD51500D60BFE /* Release */ = {
			isa = XCBuildConfiguration;
			buildSettings = {
				ASSETCATALOG_COMPILER_APPICON_NAME = AppIcon;
				ASSETCATALOG_COMPILER_GLOBAL_ACCENT_COLOR_NAME = AccentColor;
				CODE_SIGN_STYLE = Automatic;
				CURRENT_PROJECT_VERSION = 1;
				GENERATE_INFOPLIST_FILE = YES;
				INFOPLIST_FILE = Phonebook/Info.plist;
				INFOPLIST_KEY_UIApplicationSupportsIndirectInputEvents = YES;
				INFOPLIST_KEY_UILaunchStoryboardName = LaunchScreen;
				INFOPLIST_KEY_UIMainStoryboardFile = Main;
				INFOPLIST_KEY_UISupportedInterfaceOrientations = UIInterfaceOrientationPortrait;
				INFOPLIST_KEY_UISupportedInterfaceOrientations_iPad = "UIInterfaceOrientationPortrait UIInterfaceOrientationPortraitUpsideDown UIInterfaceOrientationLandscapeLeft UIInterfaceOrientationLandscapeRight";
				INFOPLIST_KEY_UISupportedInterfaceOrientations_iPhone = "UIInterfaceOrientationPortrait UIInterfaceOrientationLandscapeLeft UIInterfaceOrientationLandscapeRight";
				LD_RUNPATH_SEARCH_PATHS = (
					"$(inherited)",
					"@executable_path/Frameworks",
				);
				MARKETING_VERSION = 1.0;
				PRODUCT_BUNDLE_IDENTIFIER = RyzhkinNE.Phonebook;
				PRODUCT_NAME = "$(TARGET_NAME)";
				SWIFT_EMIT_LOC_STRINGS = YES;
				SWIFT_VERSION = 5.0;
				TARGETED_DEVICE_FAMILY = 1;
			};
			name = Release;
		};
/* End XCBuildConfiguration section */

/* Begin XCConfigurationList section */
		6B3CA7ED273AD51400D60BFE /* Build configuration list for PBXProject "Phonebook" */ = {
			isa = XCConfigurationList;
			buildConfigurations = (
				6B3CA804273AD51500D60BFE /* Debug */,
				6B3CA805273AD51500D60BFE /* Release */,
			);
			defaultConfigurationIsVisible = 0;
			defaultConfigurationName = Release;
		};
		6B3CA806273AD51500D60BFE /* Build configuration list for PBXNativeTarget "Phonebook" */ = {
			isa = XCConfigurationList;
			buildConfigurations = (
				6B3CA807273AD51500D60BFE /* Debug */,
				6B3CA808273AD51500D60BFE /* Release */,
			);
			defaultConfigurationIsVisible = 0;
			defaultConfigurationName = Release;
		};
/* End XCConfigurationList section */
	};
	rootObject = 6B3CA7EA273AD51400D60BFE /* Project object */;
}
